Microsoft Visual Studio Solution File, Format Version 12.00
# Visual Studio Version 17
VisualStudioVersion = 17.5.2.0
MinimumVisualStudioVersion = 10.0.40219.1
Project("{FAE04EC0-301F-11D3-BF4B-00C04F79EFBC}") = "EventHubAPI", "EventHubAPI\EventHubAPI.csproj", "{85EC2C21-FF6D-6AB1-6E94-380812258FDE}"
EndProject
Global
	GlobalSection(SolutionConfigurationPlatforms) = preSolution
		Debug|Any CPU = Debug|Any CPU
		Release|Any CPU = Release|Any CPU
	EndGlobalSection
	GlobalSection(ProjectConfigurationPlatforms) = postSolution
		{85EC2C21-FF6D-6AB1-6E94-380812258FDE}.Debug|Any CPU.ActiveCfg = Debug|Any CPU
		{85EC2C21-FF6D-6AB1-6E94-380812258FDE}.Debug|Any CPU.Build.0 = Debug|Any CPU
		{85EC2C21-FF6D-6AB1-6E94-380812258FDE}.Release|Any CPU.ActiveCfg = Release|Any CPU
		{85EC2C21-FF6D-6AB1-6E94-380812258FDE}.Release|Any CPU.Build.0 = Release|Any CPU
	EndGlobalSection
	GlobalSection(SolutionProperties) = preSolution
		HideSolutionNode = FALSE
	EndGlobalSection
	GlobalSection(ExtensibilityGlobals) = postSolution
		SolutionGuid = {1B7E089D-8DB9-4044-8F5B-A4ACBA3BA28F}
	EndGlobalSection
EndGlobal
